
Microsoft Visual Studio Solution File, Format Version 12.00
# Visual Studio 2012
Project("{FAE04EC0-301F-11D3-BF4B-00C04F79EFBC}") = "SyncBot.Core", "SyncBot.Core\SyncBot.Core.csproj", "{99BE708C-365B-485F-867B-80D239430566}"
EndProject
Global
	GlobalSection(SolutionConfigurationPlatforms) = preSolution
		Debug|Any CPU = Debug|Any CPU
		Release|Any CPU = Release|Any CPU
	EndGlobalSection
	GlobalSection(ProjectConfigurationPlatforms) = postSolution
		{99BE708C-365B-485F-867B-80D239430566}.Debug|Any CPU.ActiveCfg = Debug|Any CPU
		{99BE708C-365B-485F-867B-80D239430566}.Debug|Any CPU.Build.0 = Debug|Any CPU
		{99BE708C-365B-485F-867B-80D239430566}.Release|Any CPU.ActiveCfg = Release|Any CPU
		{99BE708C-365B-485F-867B-80D239430566}.Release|Any CPU.Build.0 = Release|Any CPU
	EndGlobalSection
	GlobalSection(SolutionProperties) = preSolution
		HideSolutionNode = FALSE
	EndGlobalSection
EndGlobal
